
Microsoft Visual Studio Solution File, Format Version 12.00
# Visual Studio 15
VisualStudioVersion = 15.0.28010.2016
MinimumVisualStudioVersion = 10.0.40219.1
Project("{FAE04EC0-301F-11D3-BF4B-00C04F79EFBC}") = "Server", "Server\Server.csproj", "{B2A10CD4-9CC3-4A41-9D11-F4D0D47ABC6C}"
EndProject
Project("{FAE04EC0-301F-11D3-BF4B-00C04F79EFBC}") = "Client", "Client\Client.csproj", "{81FDB6D1-006A-478E-9E15-22EFE19778BB}"
EndProject
Global
	GlobalSection(SolutionConfigurationPlatforms) = preSolution
		Debug|Any CPU = Debug|Any CPU
		Release|Any CPU = Release|Any CPU
	EndGlobalSection
	GlobalSection(ProjectConfigurationPlatforms) = postSolution
		{B2A10CD4-9CC3-4A41-9D11-F4D0D47ABC6C}.Debug|Any CPU.ActiveCfg = Debug|Any CPU
		{B2A10CD4-9CC3-4A41-9D11-F4D0D47ABC6C}.Debug|Any CPU.Build.0 = Debug|Any CPU
		{B2A10CD4-9CC3-4A41-9D11-F4D0D47ABC6C}.Release|Any CPU.ActiveCfg = Release|Any CPU
		{B2A10CD4-9CC3-4A41-9D11-F4D0D47ABC6C}.Release|Any CPU.Build.0 = Release|Any CPU
		{81FDB6D1-006A-478E-9E15-22EFE19778BB}.Debug|Any CPU.ActiveCfg = Debug|Any CPU
		{81FDB6D1-006A-478E-9E15-22EFE19778BB}.Debug|Any CPU.Build.0 = Debug|Any CPU
		{81FDB6D1-006A-478E-9E15-22EFE19778BB}.Release|Any CPU.ActiveCfg = Release|Any CPU
		{81FDB6D1-006A-478E-9E15-22EFE19778BB}.Release|Any CPU.Build.0 = Release|Any CPU
	EndGlobalSection
	GlobalSection(SolutionProperties) = preSolution
		HideSolutionNode = FALSE
	EndGlobalSection
	GlobalSection(ExtensibilityGlobals) = postSolution
		SolutionGuid = {F761EF27-2E71-43F6-8F34-BE075C877182}
	EndGlobalSection
EndGlobal
